{
  "name": "source-code",
  "lockfileVersion": 3,
  "requires": true,
  "packages": {
    "": {
      "workspaces": [
        "lix/*",
        "inlang/*",
        "placeholder-company/*"
      ]
    },
    "inlang/sdk": {
      "dependencies": {
        "@lix-js/client": "*",
        "typescript": "^4.1.2"
      }
    },
    "inlang/source-code/sdk": {
      "name": "@inlang/sdk",
      "extraneous": true,
      "dependencies": {
        "@lix-js/client": "*",
        "typescript": "^4.1.2"
      }
    },
    "lix/client": {
      "dependencies": {
        "typescript": "^4.1.2"
      }
    },
    "lix/sdk": {
      "dependencies": {
        "@lix-js/client": "*",
        "@lix-js/server": "*",
        "typescript": "^4.1.2"
      }
    },
    "lix/server": {
      "dependencies": {
        "typescript": "^4.1.2"
      }
    },
    "lix/source-code/client": {
      "name": "@lix-js/client",
      "extraneous": true,
      "dependencies": {
        "typescript": "^4.1.2"
      }
    },
    "lix/source-code/sdk": {
      "name": "@lix-js/sdk",
      "extraneous": true,
      "dependencies": {
        "@lix-js/client": "*",
        "@lix-js/server": "*",
        "typescript": "^4.1.2"
      }
    },
    "lix/source-code/server": {
      "name": "@lix-js/server",
      "extraneous": true,
      "dependencies": {
        "typescript": "^4.1.2"
      }
    },
    "node_modules/@inlang/sdk": {
      "resolved": "inlang/sdk",
      "link": true
    },
    "node_modules/@lix-js/client": {
      "resolved": "lix/client",
      "link": true
    },
    "node_modules/@lix-js/sdk": {
      "resolved": "lix/sdk",
      "link": true
    },
    "node_modules/@lix-js/server": {
      "resolved": "lix/server",
      "link": true
    },
    "node_modules/typescript": {
      "version": "4.9.5",
      "resolved": "https://registry.npmjs.org/typescript/-/typescript-4.9.5.tgz",
      "integrity": "sha512-1FXk9E2Hm+QzZQ7z+McJiHL4NW1F2EzMu9Nq9i3zAaGqibafqYwCVU6WyWAuyQRRzOlxou8xZSyXLEN8oKj24g==",
      "bin": {
        "tsc": "bin/tsc",
        "tsserver": "bin/tsserver"
      },
      "engines": {
        "node": ">=4.2.0"
      }
    }
  }
}
